
Microsoft Visual Studio Solution File, Format Version 12.00
# Visual Studio Version 17
VisualStudioVersion = 17.7.34024.191
MinimumVisualStudioVersion = 10.0.40219.1
Project("{FAE04EC0-301F-11D3-BF4B-00C04F79EFBC}") = "MySqlWebShop", "MySqlWebShop\MySqlWebShop.csproj", "{207791B4-EA5E-4194-83A6-030508F3B014}"
EndProject
Global
	GlobalSection(SolutionConfigurationPlatforms) = preSolution
		Debug|Any CPU = Debug|Any CPU
		Release|Any CPU = Release|Any CPU
	EndGlobalSection
	GlobalSection(ProjectConfigurationPlatforms) = postSolution
		{207791B4-EA5E-4194-83A6-030508F3B014}.Debug|Any CPU.ActiveCfg = Debug|Any CPU
		{207791B4-EA5E-4194-83A6-030508F3B014}.Debug|Any CPU.Build.0 = Debug|Any CPU
		{207791B4-EA5E-4194-83A6-030508F3B014}.Release|Any CPU.ActiveCfg = Release|Any CPU
		{207791B4-EA5E-4194-83A6-030508F3B014}.Release|Any CPU.Build.0 = Release|Any CPU
	EndGlobalSection
	GlobalSection(SolutionProperties) = preSolution
		HideSolutionNode = FALSE
	EndGlobalSection
	GlobalSection(ExtensibilityGlobals) = postSolution
		SolutionGuid = {96B1036D-A887-463B-9BCC-0E4185CBD82C}
	EndGlobalSection
EndGlobal
